
Microsoft Visual Studio Solution File, Format Version 12.00
# Visual Studio 14
VisualStudioVersion = 14.0.22609.0
MinimumVisualStudioVersion = 10.0.40219.1
Project("{2150E333-8FDC-42A3-9474-1A3956D46DE8}") = "src", "src", "{2B59DE53-7151-4BB5-9EC4-CF150EB5E026}"
EndProject
Project("{2150E333-8FDC-42A3-9474-1A3956D46DE8}") = "Solution Items", "Solution Items", "{1833AC56-CB25-4DD4-9CF0-19E3FA026848}"
	ProjectSection(SolutionItems) = preProject
		global.json = global.json
	EndProjectSection
EndProject
Project("{8BB2217D-0F2D-49D1-97BC-3654ED321F3B}") = "AspNet5_WebApi_Sample", "src\AspNet5_WebApi_Sample\AspNet5_WebApi_Sample.kproj", "{4529E687-9A0E-46A0-B957-7CC30D79C55C}"
EndProject
Global
	GlobalSection(SolutionConfigurationPlatforms) = preSolution
		Debug|Any CPU = Debug|Any CPU
		Release|Any CPU = Release|Any CPU
	EndGlobalSection
	GlobalSection(ProjectConfigurationPlatforms) = postSolution
		{4529E687-9A0E-46A0-B957-7CC30D79C55C}.Debug|Any CPU.ActiveCfg = Debug|Any CPU
		{4529E687-9A0E-46A0-B957-7CC30D79C55C}.Debug|Any CPU.Build.0 = Debug|Any CPU
		{4529E687-9A0E-46A0-B957-7CC30D79C55C}.Release|Any CPU.ActiveCfg = Release|Any CPU
		{4529E687-9A0E-46A0-B957-7CC30D79C55C}.Release|Any CPU.Build.0 = Release|Any CPU
	EndGlobalSection
	GlobalSection(SolutionProperties) = preSolution
		HideSolutionNode = FALSE
	EndGlobalSection
	GlobalSection(NestedProjects) = preSolution
		{4529E687-9A0E-46A0-B957-7CC30D79C55C} = {2B59DE53-7151-4BB5-9EC4-CF150EB5E026}
	EndGlobalSection
EndGlobal
