
Microsoft Visual Studio Solution File, Format Version 12.00
# Visual Studio 14
VisualStudioVersion = 14.0.25123.0
MinimumVisualStudioVersion = 10.0.40219.1
Project("{FAE04EC0-301F-11D3-BF4B-00C04F79EFBC}") = "Auth0.Owin", "src\Auth0.Owin\Auth0.Owin.csproj", "{49650EA7-69AE-4EA6-A308-810C4738D663}"
EndProject
Project("{2150E333-8FDC-42A3-9474-1A3956D46DE8}") = "src", "src", "{454C4C96-3B49-4BDC-A74D-2BDAC7D6B5F1}"
EndProject
Project("{2150E333-8FDC-42A3-9474-1A3956D46DE8}") = "test", "test", "{1E3AABD0-2D92-4ACB-A652-FA307FBAA24E}"
EndProject
Project("{FAE04EC0-301F-11D3-BF4B-00C04F79EFBC}") = "Auth0OwinTest", "test\Auth0OwinTest\Auth0OwinTest.csproj", "{C24F63A3-AAB2-4E65-8A74-FED414A232D4}"
EndProject
Project("{2150E333-8FDC-42A3-9474-1A3956D46DE8}") = "Nuget", "Nuget", "{E2DB39FE-79D2-437A-9382-1A262079B6FF}"
	ProjectSection(SolutionItems) = preProject
		nuget\Auth0-ASPNET-Owin-Libs.nuspec = nuget\Auth0-ASPNET-Owin-Libs.nuspec
		nuget\Auth0-ASPNET-Owin.nuspec = nuget\Auth0-ASPNET-Owin.nuspec
		nuget\README-Libs.txt = nuget\README-Libs.txt
		nuget\README.txt = nuget\README.txt
	EndProjectSection
EndProject
Project("{2150E333-8FDC-42A3-9474-1A3956D46DE8}") = "content", "content", "{A1D75471-5CDA-457D-84F1-2CB6B2ABDA57}"
EndProject
Project("{2150E333-8FDC-42A3-9474-1A3956D46DE8}") = "net45", "net45", "{6391DD9B-1D26-4FB7-BC1B-0E18F310EDAF}"
	ProjectSection(SolutionItems) = preProject
		nuget\content\net45\web.config.install.xdt = nuget\content\net45\web.config.install.xdt
	EndProjectSection
EndProject
Project("{2150E333-8FDC-42A3-9474-1A3956D46DE8}") = "Controllers", "Controllers", "{E4851FEC-942E-488C-8438-63338CD72203}"
	ProjectSection(SolutionItems) = preProject
		nuget\content\net45\Controllers\Auth0AccountController.cs.pp = nuget\content\net45\Controllers\Auth0AccountController.cs.pp
	EndProjectSection
EndProject
Project("{FAE04EC0-301F-11D3-BF4B-00C04F79EFBC}") = "Auth0.Owin.Tests", "test\Auth0.Owin.Tests\Auth0.Owin.Tests.csproj", "{D15A5425-31F7-4FD2-896F-2AB2C47F6DF7}"
EndProject
Global
	GlobalSection(SolutionConfigurationPlatforms) = preSolution
		Debug|Any CPU = Debug|Any CPU
		Debug|ARM = Debug|ARM
		Debug|x64 = Debug|x64
		Debug|x86 = Debug|x86
		Release|Any CPU = Release|Any CPU
		Release|ARM = Release|ARM
		Release|x64 = Release|x64
		Release|x86 = Release|x86
	EndGlobalSection
	GlobalSection(ProjectConfigurationPlatforms) = postSolution
		{49650EA7-69AE-4EA6-A308-810C4738D663}.Debug|Any CPU.ActiveCfg = Debug|Any CPU
		{49650EA7-69AE-4EA6-A308-810C4738D663}.Debug|Any CPU.Build.0 = Debug|Any CPU
		{49650EA7-69AE-4EA6-A308-810C4738D663}.Debug|ARM.ActiveCfg = Debug|Any CPU
		{49650EA7-69AE-4EA6-A308-810C4738D663}.Debug|ARM.Build.0 = Debug|Any CPU
		{49650EA7-69AE-4EA6-A308-810C4738D663}.Debug|x64.ActiveCfg = Debug|Any CPU
		{49650EA7-69AE-4EA6-A308-810C4738D663}.Debug|x64.Build.0 = Debug|Any CPU
		{49650EA7-69AE-4EA6-A308-810C4738D663}.Debug|x86.ActiveCfg = Debug|Any CPU
		{49650EA7-69AE-4EA6-A308-810C4738D663}.Debug|x86.Build.0 = Debug|Any CPU
		{49650EA7-69AE-4EA6-A308-810C4738D663}.Release|Any CPU.ActiveCfg = Release|Any CPU
		{49650EA7-69AE-4EA6-A308-810C4738D663}.Release|Any CPU.Build.0 = Release|Any CPU
		{49650EA7-69AE-4EA6-A308-810C4738D663}.Release|ARM.ActiveCfg = Release|Any CPU
		{49650EA7-69AE-4EA6-A308-810C4738D663}.Release|ARM.Build.0 = Release|Any CPU
		{49650EA7-69AE-4EA6-A308-810C4738D663}.Release|x64.ActiveCfg = Release|Any CPU
		{49650EA7-69AE-4EA6-A308-810C4738D663}.Release|x64.Build.0 = Release|Any CPU
		{49650EA7-69AE-4EA6-A308-810C4738D663}.Release|x86.ActiveCfg = Release|Any CPU
		{49650EA7-69AE-4EA6-A308-810C4738D663}.Release|x86.Build.0 = Release|Any CPU
		{C24F63A3-AAB2-4E65-8A74-FED414A232D4}.Debug|Any CPU.ActiveCfg = Debug|Any CPU
		{C24F63A3-AAB2-4E65-8A74-FED414A232D4}.Debug|Any CPU.Build.0 = Debug|Any CPU
		{C24F63A3-AAB2-4E65-8A74-FED414A232D4}.Debug|ARM.ActiveCfg = Debug|Any CPU
		{C24F63A3-AAB2-4E65-8A74-FED414A232D4}.Debug|ARM.Build.0 = Debug|Any CPU
		{C24F63A3-AAB2-4E65-8A74-FED414A232D4}.Debug|x64.ActiveCfg = Debug|Any CPU
		{C24F63A3-AAB2-4E65-8A74-FED414A232D4}.Debug|x64.Build.0 = Debug|Any CPU
		{C24F63A3-AAB2-4E65-8A74-FED414A232D4}.Debug|x86.ActiveCfg = Debug|Any CPU
		{C24F63A3-AAB2-4E65-8A74-FED414A232D4}.Debug|x86.Build.0 = Debug|Any CPU
		{C24F63A3-AAB2-4E65-8A74-FED414A232D4}.Release|Any CPU.ActiveCfg = Release|Any CPU
		{C24F63A3-AAB2-4E65-8A74-FED414A232D4}.Release|Any CPU.Build.0 = Release|Any CPU
		{C24F63A3-AAB2-4E65-8A74-FED414A232D4}.Release|ARM.ActiveCfg = Release|Any CPU
		{C24F63A3-AAB2-4E65-8A74-FED414A232D4}.Release|ARM.Build.0 = Release|Any CPU
		{C24F63A3-AAB2-4E65-8A74-FED414A232D4}.Release|x64.ActiveCfg = Release|Any CPU
		{C24F63A3-AAB2-4E65-8A74-FED414A232D4}.Release|x64.Build.0 = Release|Any CPU
		{C24F63A3-AAB2-4E65-8A74-FED414A232D4}.Release|x86.ActiveCfg = Release|Any CPU
		{C24F63A3-AAB2-4E65-8A74-FED414A232D4}.Release|x86.Build.0 = Release|Any CPU
		{D15A5425-31F7-4FD2-896F-2AB2C47F6DF7}.Debug|Any CPU.ActiveCfg = Debug|Any CPU
		{D15A5425-31F7-4FD2-896F-2AB2C47F6DF7}.Debug|Any CPU.Build.0 = Debug|Any CPU
		{D15A5425-31F7-4FD2-896F-2AB2C47F6DF7}.Debug|ARM.ActiveCfg = Debug|Any CPU
		{D15A5425-31F7-4FD2-896F-2AB2C47F6DF7}.Debug|ARM.Build.0 = Debug|Any CPU
		{D15A5425-31F7-4FD2-896F-2AB2C47F6DF7}.Debug|x64.ActiveCfg = Debug|Any CPU
		{D15A5425-31F7-4FD2-896F-2AB2C47F6DF7}.Debug|x64.Build.0 = Debug|Any CPU
		{D15A5425-31F7-4FD2-896F-2AB2C47F6DF7}.Debug|x86.ActiveCfg = Debug|Any CPU
		{D15A5425-31F7-4FD2-896F-2AB2C47F6DF7}.Debug|x86.Build.0 = Debug|Any CPU
		{D15A5425-31F7-4FD2-896F-2AB2C47F6DF7}.Release|Any CPU.ActiveCfg = Release|Any CPU
		{D15A5425-31F7-4FD2-896F-2AB2C47F6DF7}.Release|Any CPU.Build.0 = Release|Any CPU
		{D15A5425-31F7-4FD2-896F-2AB2C47F6DF7}.Release|ARM.ActiveCfg = Release|Any CPU
		{D15A5425-31F7-4FD2-896F-2AB2C47F6DF7}.Release|ARM.Build.0 = Release|Any CPU
		{D15A5425-31F7-4FD2-896F-2AB2C47F6DF7}.Release|x64.ActiveCfg = Release|Any CPU
		{D15A5425-31F7-4FD2-896F-2AB2C47F6DF7}.Release|x64.Build.0 = Release|Any CPU
		{D15A5425-31F7-4FD2-896F-2AB2C47F6DF7}.Release|x86.ActiveCfg = Release|Any CPU
		{D15A5425-31F7-4FD2-896F-2AB2C47F6DF7}.Release|x86.Build.0 = Release|Any CPU
	EndGlobalSection
	GlobalSection(SolutionProperties) = preSolution
		HideSolutionNode = FALSE
	EndGlobalSection
	GlobalSection(NestedProjects) = preSolution
		{49650EA7-69AE-4EA6-A308-810C4738D663} = {454C4C96-3B49-4BDC-A74D-2BDAC7D6B5F1}
		{C24F63A3-AAB2-4E65-8A74-FED414A232D4} = {1E3AABD0-2D92-4ACB-A652-FA307FBAA24E}
		{A1D75471-5CDA-457D-84F1-2CB6B2ABDA57} = {E2DB39FE-79D2-437A-9382-1A262079B6FF}
		{6391DD9B-1D26-4FB7-BC1B-0E18F310EDAF} = {A1D75471-5CDA-457D-84F1-2CB6B2ABDA57}
		{E4851FEC-942E-488C-8438-63338CD72203} = {6391DD9B-1D26-4FB7-BC1B-0E18F310EDAF}
		{D15A5425-31F7-4FD2-896F-2AB2C47F6DF7} = {1E3AABD0-2D92-4ACB-A652-FA307FBAA24E}
	EndGlobalSection
EndGlobal
