
Microsoft Visual Studio Solution File, Format Version 12.00
# Visual Studio Express 2013 for Web
VisualStudioVersion = 12.0.20617.1 PREVIEW
MinimumVisualStudioVersion = 10.0.40219.1
Project("{FAE04EC0-301F-11D3-BF4B-00C04F79EFBC}") = "Microsoft.Owin.Security.Auth0", "Microsoft.Owin.Security.Auth0\Microsoft.Owin.Security.Auth0.csproj", "{49650EA7-69AE-4EA6-A308-810C4738D663}"
EndProject
Project("{2150E333-8FDC-42A3-9474-1A3956D46DE8}") = ".nuget", ".nuget", "{11F55547-1BD2-4620-900F-AFCC82A611A6}"
	ProjectSection(SolutionItems) = preProject
		.nuget\NuGet.Config = .nuget\NuGet.Config
		.nuget\NuGet.exe = .nuget\NuGet.exe
		.nuget\NuGet.targets = .nuget\NuGet.targets
	EndProjectSection
EndProject
Global
	GlobalSection(SolutionConfigurationPlatforms) = preSolution
		Debug|Any CPU = Debug|Any CPU
		Release|Any CPU = Release|Any CPU
	EndGlobalSection
	GlobalSection(ProjectConfigurationPlatforms) = postSolution
		{49650EA7-69AE-4EA6-A308-810C4738D663}.Debug|Any CPU.ActiveCfg = Debug|Any CPU
		{49650EA7-69AE-4EA6-A308-810C4738D663}.Debug|Any CPU.Build.0 = Debug|Any CPU
		{49650EA7-69AE-4EA6-A308-810C4738D663}.Release|Any CPU.ActiveCfg = Release|Any CPU
		{49650EA7-69AE-4EA6-A308-810C4738D663}.Release|Any CPU.Build.0 = Release|Any CPU
	EndGlobalSection
	GlobalSection(SolutionProperties) = preSolution
		HideSolutionNode = FALSE
	EndGlobalSection
EndGlobal
